
Microsoft Visual Studio Solution File, Format Version 12.00
# Visual Studio 2012
Project("{FAE04EC0-301F-11D3-BF4B-00C04F79EFBC}") = "WebsiteRegressionProduction", "WebsiteRegressionProduction\WebsiteRegressionProduction.csproj", "{97CE4BC5-206C-4CEB-A19C-D62D27C28784}"
EndProject
Project("{FAE04EC0-301F-11D3-BF4B-00C04F79EFBC}") = "OneTouchUploadProduction", "OneTouchUploading\OneTouchUploadProduction.csproj", "{75D415DF-4967-4605-B541-E6471CE9EE21}"
EndProject
Project("{FAE04EC0-301F-11D3-BF4B-00C04F79EFBC}") = "VendorUploadService", "VendorUploadService\VendorUploadService.csproj", "{7D216F59-7DD5-41D5-BCB9-EEB32187BB00}"
EndProject
Project("{FAE04EC0-301F-11D3-BF4B-00C04F79EFBC}") = "TestLibrary", "TestLibrary\TestLibrary.csproj", "{2E191C7E-07A0-47B0-9B24-734C223CA801}"
EndProject
Project("{FAE04EC0-301F-11D3-BF4B-00C04F79EFBC}") = "WebsiteRegressionProduction_InternetExplorer", "WebsiteRegressionProduction_InternetExplorer\WebsiteRegressionProduction_InternetExplorer.csproj", "{05AD6F47-0151-4FBA-8492-54F5E5692BCA}"
EndProject
Project("{FAE04EC0-301F-11D3-BF4B-00C04F79EFBC}") = "VendorAPI", "VendorAPI\VendorAPI.csproj", "{1F8CABD1-C011-4778-BA55-3CA1482FB923}"
EndProject
Global
	GlobalSection(SolutionConfigurationPlatforms) = preSolution
		Debug|Any CPU = Debug|Any CPU
		Release|Any CPU = Release|Any CPU
	EndGlobalSection
	GlobalSection(ProjectConfigurationPlatforms) = postSolution
		{97CE4BC5-206C-4CEB-A19C-D62D27C28784}.Debug|Any CPU.ActiveCfg = Debug|Any CPU
		{97CE4BC5-206C-4CEB-A19C-D62D27C28784}.Debug|Any CPU.Build.0 = Debug|Any CPU
		{97CE4BC5-206C-4CEB-A19C-D62D27C28784}.Release|Any CPU.ActiveCfg = Release|Any CPU
		{97CE4BC5-206C-4CEB-A19C-D62D27C28784}.Release|Any CPU.Build.0 = Release|Any CPU
		{75D415DF-4967-4605-B541-E6471CE9EE21}.Debug|Any CPU.ActiveCfg = Debug|Any CPU
		{75D415DF-4967-4605-B541-E6471CE9EE21}.Debug|Any CPU.Build.0 = Debug|Any CPU
		{75D415DF-4967-4605-B541-E6471CE9EE21}.Release|Any CPU.ActiveCfg = Release|Any CPU
		{75D415DF-4967-4605-B541-E6471CE9EE21}.Release|Any CPU.Build.0 = Release|Any CPU
		{7D216F59-7DD5-41D5-BCB9-EEB32187BB00}.Debug|Any CPU.ActiveCfg = Debug|Any CPU
		{7D216F59-7DD5-41D5-BCB9-EEB32187BB00}.Debug|Any CPU.Build.0 = Debug|Any CPU
		{7D216F59-7DD5-41D5-BCB9-EEB32187BB00}.Release|Any CPU.ActiveCfg = Release|Any CPU
		{7D216F59-7DD5-41D5-BCB9-EEB32187BB00}.Release|Any CPU.Build.0 = Release|Any CPU
		{2E191C7E-07A0-47B0-9B24-734C223CA801}.Debug|Any CPU.ActiveCfg = Debug|Any CPU
		{2E191C7E-07A0-47B0-9B24-734C223CA801}.Debug|Any CPU.Build.0 = Debug|Any CPU
		{2E191C7E-07A0-47B0-9B24-734C223CA801}.Release|Any CPU.ActiveCfg = Release|Any CPU
		{2E191C7E-07A0-47B0-9B24-734C223CA801}.Release|Any CPU.Build.0 = Release|Any CPU
		{05AD6F47-0151-4FBA-8492-54F5E5692BCA}.Debug|Any CPU.ActiveCfg = Debug|Any CPU
		{05AD6F47-0151-4FBA-8492-54F5E5692BCA}.Debug|Any CPU.Build.0 = Debug|Any CPU
		{05AD6F47-0151-4FBA-8492-54F5E5692BCA}.Release|Any CPU.ActiveCfg = Release|Any CPU
		{05AD6F47-0151-4FBA-8492-54F5E5692BCA}.Release|Any CPU.Build.0 = Release|Any CPU
		{1F8CABD1-C011-4778-BA55-3CA1482FB923}.Debug|Any CPU.ActiveCfg = Debug|Any CPU
		{1F8CABD1-C011-4778-BA55-3CA1482FB923}.Debug|Any CPU.Build.0 = Debug|Any CPU
		{1F8CABD1-C011-4778-BA55-3CA1482FB923}.Release|Any CPU.ActiveCfg = Release|Any CPU
		{1F8CABD1-C011-4778-BA55-3CA1482FB923}.Release|Any CPU.Build.0 = Release|Any CPU
	EndGlobalSection
	GlobalSection(SolutionProperties) = preSolution
		HideSolutionNode = FALSE
	EndGlobalSection
EndGlobal
